// !$*UTF8*$!
{
	archiveVersion = 1;
	classes = {
	};
	objectVersion = 46;
	objects = {

/* Begin PBXBuildFile section */
		7346D7B3263113B700593F3F /* 3.swift in Sources */ = {isa = PBXBuildFile; fileRef = 7346D7B2263113B700593F3F /* 3.swift */; };
		7346D8BD2631812400593F3F /* 704.swift in Sources */ = {isa = PBXBuildFile; fileRef = 7346D8BC2631812400593F3F /* 704.swift */; };
		7346D8C026329B4800593F3F /* 27.swift in Sources */ = {isa = PBXBuildFile; fileRef = 7346D8BF26329B4800593F3F /* 27.swift */; };
		7375060925FB139C00FCED3F /* 1.swift in Sources */ = {isa = PBXBuildFile; fileRef = 7375060825FB139C00FCED3F /* 1.swift */; };
		737B6CBE2600AF300038E625 /* 2.swift in Sources */ = {isa = PBXBuildFile; fileRef = 737B6CBD2600AF300038E625 /* 2.swift */; };
		D71563861AF9BF780090A569 /* TreeNode.swift in Sources */ = {isa = PBXBuildFile; fileRef = D71563851AF9BF780090A569 /* TreeNode.swift */; };
		D7FB8E561AF89CD900286272 /* ListNode.swift in Sources */ = {isa = PBXBuildFile; fileRef = D7FB8E551AF89CD900286272 /* ListNode.swift */; };
		D7FB8E581AF89D0900286272 /* String+LeetCode.swift in Sources */ = {isa = PBXBuildFile; fileRef = D7FB8E571AF89D0900286272 /* String+LeetCode.swift */; };
		D7FB8E601AF8AF2400286272 /* Character+LeetCode.swift in Sources */ = {isa = PBXBuildFile; fileRef = D7FB8E5F1AF8AF2400286272 /* Character+LeetCode.swift */; };
/* End PBXBuildFile section */

/* Begin PBXFileReference section */
		7346D7B2263113B700593F3F /* 3.swift */ = {isa = PBXFileReference; lastKnownFileType = sourcecode.swift; path = 3.swift; sourceTree = "<group>"; };
		7346D8BC2631812400593F3F /* 704.swift */ = {isa = PBXFileReference; lastKnownFileType = sourcecode.swift; path = 704.swift; sourceTree = "<group>"; };
		7346D8BF26329B4800593F3F /* 27.swift */ = {isa = PBXFileReference; lastKnownFileType = sourcecode.swift; path = 27.swift; sourceTree = "<group>"; };
		7375060825FB139C00FCED3F /* 1.swift */ = {isa = PBXFileReference; lastKnownFileType = sourcecode.swift; path = 1.swift; sourceTree = "<group>"; };
		737B6CBD2600AF300038E625 /* 2.swift */ = {isa = PBXFileReference; lastKnownFileType = sourcecode.swift; path = 2.swift; sourceTree = "<group>"; };
		D71563851AF9BF780090A569 /* TreeNode.swift */ = {isa = PBXFileReference; fileEncoding = 4; lastKnownFileType = sourcecode.swift; path = TreeNode.swift; sourceTree = "<group>"; };
		D7AB14CC1B9B344900DEDE9D /* README.md */ = {isa = PBXFileReference; lastKnownFileType = net.daringfireball.markdown; path = README.md; sourceTree = "<group>"; };
		D7FB8E091AF899FE00286272 /* LeetCodeTests.xctest */ = {isa = PBXFileReference; explicitFileType = wrapper.cfbundle; includeInIndex = 0; path = LeetCodeTests.xctest; sourceTree = BUILT_PRODUCTS_DIR; };
		D7FB8E0C1AF899FE00286272 /* Info.plist */ = {isa = PBXFileReference; lastKnownFileType = text.plist.xml; path = Info.plist; sourceTree = "<group>"; };
		D7FB8E551AF89CD900286272 /* ListNode.swift */ = {isa = PBXFileReference; fileEncoding = 4; lastKnownFileType = sourcecode.swift; path = ListNode.swift; sourceTree = "<group>"; };
		D7FB8E571AF89D0900286272 /* String+LeetCode.swift */ = {isa = PBXFileReference; fileEncoding = 4; lastKnownFileType = sourcecode.swift; path = "String+LeetCode.swift"; sourceTree = "<group>"; };
		D7FB8E5F1AF8AF2400286272 /* Character+LeetCode.swift */ = {isa = PBXFileReference; fileEncoding = 4; lastKnownFileType = sourcecode.swift; path = "Character+LeetCode.swift"; sourceTree = "<group>"; };
/* End PBXFileReference section */

/* Begin PBXFrameworksBuildPhase section */
		D7FB8E061AF899FE00286272 /* Frameworks */ = {
			isa = PBXFrameworksBuildPhase;
			buildActionMask = 2147483647;
			files = (
			);
			runOnlyForDeploymentPostprocessing = 0;
		};
/* End PBXFrameworksBuildPhase section */

/* Begin PBXGroup section */
		736E17E225F9F337009E5FBA /* Swift */ = {
			isa = PBXGroup;
			children = (
				7375060825FB139C00FCED3F /* 1.swift */,
				737B6CBD2600AF300038E625 /* 2.swift */,
				7346D7B2263113B700593F3F /* 3.swift */,
				7346D8BC2631812400593F3F /* 704.swift */,
				7346D8BF26329B4800593F3F /* 27.swift */,
			);
			name = Swift;
			sourceTree = "<group>";
		};
		D77C33131ADE363800D4843B = {
			isa = PBXGroup;
			children = (
				D7AB14CC1B9B344900DEDE9D /* README.md */,
				D7FB8E541AF89CCF00286272 /* Shared */,
				D7FB8E0A1AF899FE00286272 /* Tests */,
				D77C331D1ADE363800D4843B /* Products */,
			);
			sourceTree = "<group>";
		};
		D77C331D1ADE363800D4843B /* Products */ = {
			isa = PBXGroup;
			children = (
				D7FB8E091AF899FE00286272 /* LeetCodeTests.xctest */,
			);
			name = Products;
			sourceTree = "<group>";
		};
		D7FB8E0A1AF899FE00286272 /* Tests */ = {
			isa = PBXGroup;
			children = (
				736E17E225F9F337009E5FBA /* Swift */,
				D7FB8E0B1AF899FE00286272 /* Supporting Files */,
			);
			path = Tests;
			sourceTree = SOURCE_ROOT;
		};
		D7FB8E0B1AF899FE00286272 /* Supporting Files */ = {
			isa = PBXGroup;
			children = (
				D7FB8E0C1AF899FE00286272 /* Info.plist */,
			);
			name = "Supporting Files";
			sourceTree = "<group>";
		};
		D7FB8E541AF89CCF00286272 /* Shared */ = {
			isa = PBXGroup;
			children = (
				D7FB8E551AF89CD900286272 /* ListNode.swift */,
				D7FB8E571AF89D0900286272 /* String+LeetCode.swift */,
				D7FB8E5F1AF8AF2400286272 /* Character+LeetCode.swift */,
				D71563851AF9BF780090A569 /* TreeNode.swift */,
			);
			path = Shared;
			sourceTree = "<group>";
		};
/* End PBXGroup section */

/* Begin PBXNativeTarget section */
		D7FB8E081AF899FE00286272 /* LeetCodeTests */ = {
			isa = PBXNativeTarget;
			buildConfigurationList = D7FB8E0F1AF899FE00286272 /* Build configuration list for PBXNativeTarget "LeetCodeTests" */;
			buildPhases = (
				D7FB8E051AF899FE00286272 /* Sources */,
				D7FB8E061AF899FE00286272 /* Frameworks */,
				D7FB8E071AF899FE00286272 /* Resources */,
			);
			buildRules = (
			);
			dependencies = (
			);
			name = LeetCodeTests;
			productName = LeetCodeTests;
			productReference = D7FB8E091AF899FE00286272 /* LeetCodeTests.xctest */;
			productType = "com.apple.product-type.bundle.unit-test";
		};
/* End PBXNativeTarget section */

/* Begin PBXProject section */
		D77C33141ADE363800D4843B /* Project object */ = {
			isa = PBXProject;
			attributes = {
				LastSwiftMigration = 0700;
				LastSwiftUpdateCheck = 0700;
				LastUpgradeCheck = 1130;
				ORGANIZATIONNAME = gaoyu;
				TargetAttributes = {
					D7FB8E081AF899FE00286272 = {
						CreatedOnToolsVersion = 6.3.1;
						LastSwiftMigration = 1240;
					};
				};
			};
			buildConfigurationList = D77C33171ADE363800D4843B /* Build configuration list for PBXProject "LeetCode" */;
			compatibilityVersion = "Xcode 3.2";
			developmentRegion = en;
			hasScannedForEncodings = 0;
			knownRegions = (
				en,
				Base,
			);
			mainGroup = D77C33131ADE363800D4843B;
			productRefGroup = D77C331D1ADE363800D4843B /* Products */;
			projectDirPath = "";
			projectRoot = "";
			targets = (
				D7FB8E081AF899FE00286272 /* LeetCodeTests */,
			);
		};
/* End PBXProject section */

/* Begin PBXResourcesBuildPhase section */
		D7FB8E071AF899FE00286272 /* Resources */ = {
			isa = PBXResourcesBuildPhase;
			buildActionMask = 2147483647;
			files = (
			);
			runOnlyForDeploymentPostprocessing = 0;
		};
/* End PBXResourcesBuildPhase section */

/* Begin PBXSourcesBuildPhase section */
		D7FB8E051AF899FE00286272 /* Sources */ = {
			isa = PBXSourcesBuildPhase;
			buildActionMask = 2147483647;
			files = (
				737B6CBE2600AF300038E625 /* 2.swift in Sources */,
				D7FB8E581AF89D0900286272 /* String+LeetCode.swift in Sources */,
				7346D8C026329B4800593F3F /* 27.swift in Sources */,
				D7FB8E561AF89CD900286272 /* ListNode.swift in Sources */,
				D7FB8E601AF8AF2400286272 /* Character+LeetCode.swift in Sources */,
				7375060925FB139C00FCED3F /* 1.swift in Sources */,
				D71563861AF9BF780090A569 /* TreeNode.swift in Sources */,
				7346D7B3263113B700593F3F /* 3.swift in Sources */,
				7346D8BD2631812400593F3F /* 704.swift in Sources */,
			);
			runOnlyForDeploymentPostprocessing = 0;
		};
/* End PBXSourcesBuildPhase section */

/* Begin XCBuildConfiguration section */
		D77C33211ADE363800D4843B /* Debug */ = {
			isa = XCBuildConfiguration;
			buildSettings = {
				ALWAYS_SEARCH_USER_PATHS = NO;
				CLANG_ANALYZER_LOCALIZABILITY_NONLOCALIZED = YES;
				CLANG_CXX_LANGUAGE_STANDARD = "gnu++0x";
				CLANG_CXX_LIBRARY = "libc++";
				CLANG_ENABLE_MODULES = YES;
				CLANG_ENABLE_OBJC_ARC = YES;
				CLANG_WARN_BLOCK_CAPTURE_AUTORELEASING = YES;
				CLANG_WARN_BOOL_CONVERSION = YES;
				CLANG_WARN_COMMA = YES;
				CLANG_WARN_CONSTANT_CONVERSION = YES;
				CLANG_WARN_DEPRECATED_OBJC_IMPLEMENTATIONS = YES;
				CLANG_WARN_DIRECT_OBJC_ISA_USAGE = YES_ERROR;
				CLANG_WARN_EMPTY_BODY = YES;
				CLANG_WARN_ENUM_CONVERSION = YES;
				CLANG_WARN_INFINITE_RECURSION = YES;
				CLANG_WARN_INT_CONVERSION = YES;
				CLANG_WARN_NON_LITERAL_NULL_CONVERSION = YES;
				CLANG_WARN_OBJC_IMPLICIT_RETAIN_SELF = YES;
				CLANG_WARN_OBJC_LITERAL_CONVERSION = YES;
				CLANG_WARN_OBJC_ROOT_CLASS = YES_ERROR;
				CLANG_WARN_RANGE_LOOP_ANALYSIS = YES;
				CLANG_WARN_STRICT_PROTOTYPES = YES;
				CLANG_WARN_SUSPICIOUS_MOVE = YES;
				CLANG_WARN_UNREACHABLE_CODE = YES;
				CLANG_WARN__DUPLICATE_METHOD_MATCH = YES;
				COPY_PHASE_STRIP = NO;
				DEBUG_INFORMATION_FORMAT = dwarf;
				ENABLE_STRICT_OBJC_MSGSEND = YES;
				ENABLE_TESTABILITY = YES;
				GCC_C_LANGUAGE_STANDARD = gnu99;
				GCC_DYNAMIC_NO_PIC = NO;
				GCC_NO_COMMON_BLOCKS = YES;
				GCC_OPTIMIZATION_LEVEL = 0;
				GCC_PREPROCESSOR_DEFINITIONS = (
					"DEBUG=1",
					"$(inherited)",
				);
				GCC_SYMBOLS_PRIVATE_EXTERN = NO;
				GCC_WARN_64_TO_32_BIT_CONVERSION = YES;
				GCC_WARN_ABOUT_RETURN_TYPE = YES_ERROR;
				GCC_WARN_UNDECLARED_SELECTOR = YES;
				GCC_WARN_UNINITIALIZED_AUTOS = YES_AGGRESSIVE;
				GCC_WARN_UNUSED_FUNCTION = YES;
				GCC_WARN_UNUSED_VARIABLE = YES;
				MTL_ENABLE_DEBUG_INFO = YES;
				ONLY_ACTIVE_ARCH = YES;
				SDKROOT = macosx;
				SWIFT_OPTIMIZATION_LEVEL = "-Onone";
				SWIFT_VERSION = 5.0;
			};
			name = Debug;
		};
		D77C33221ADE363800D4843B /* Release */ = {
			isa = XCBuildConfiguration;
			buildSettings = {
				ALWAYS_SEARCH_USER_PATHS = NO;
				CLANG_ANALYZER_LOCALIZABILITY_NONLOCALIZED = YES;
				CLANG_CXX_LANGUAGE_STANDARD = "gnu++0x";
				CLANG_CXX_LIBRARY = "libc++";
				CLANG_ENABLE_MODULES = YES;
				CLANG_ENABLE_OBJC_ARC = YES;
				CLANG_WARN_BLOCK_CAPTURE_AUTORELEASING = YES;
				CLANG_WARN_BOOL_CONVERSION = YES;
				CLANG_WARN_COMMA = YES;
				CLANG_WARN_CONSTANT_CONVERSION = YES;
				CLANG_WARN_DEPRECATED_OBJC_IMPLEMENTATIONS = YES;
				CLANG_WARN_DIRECT_OBJC_ISA_USAGE = YES_ERROR;
				CLANG_WARN_EMPTY_BODY = YES;
				CLANG_WARN_ENUM_CONVERSION = YES;
				CLANG_WARN_INFINITE_RECURSION = YES;
				CLANG_WARN_INT_CONVERSION = YES;
				CLANG_WARN_NON_LITERAL_NULL_CONVERSION = YES;
				CLANG_WARN_OBJC_IMPLICIT_RETAIN_SELF = YES;
				CLANG_WARN_OBJC_LITERAL_CONVERSION = YES;
				CLANG_WARN_OBJC_ROOT_CLASS = YES_ERROR;
				CLANG_WARN_RANGE_LOOP_ANALYSIS = YES;
				CLANG_WARN_STRICT_PROTOTYPES = YES;
				CLANG_WARN_SUSPICIOUS_MOVE = YES;
				CLANG_WARN_UNREACHABLE_CODE = YES;
				CLANG_WARN__DUPLICATE_METHOD_MATCH = YES;
				COPY_PHASE_STRIP = NO;
				DEBUG_INFORMATION_FORMAT = "dwarf-with-dsym";
				ENABLE_NS_ASSERTIONS = NO;
				ENABLE_STRICT_OBJC_MSGSEND = YES;
				GCC_C_LANGUAGE_STANDARD = gnu99;
				GCC_NO_COMMON_BLOCKS = YES;
				GCC_WARN_64_TO_32_BIT_CONVERSION = YES;
				GCC_WARN_ABOUT_RETURN_TYPE = YES_ERROR;
				GCC_WARN_UNDECLARED_SELECTOR = YES;
				GCC_WARN_UNINITIALIZED_AUTOS = YES_AGGRESSIVE;
				GCC_WARN_UNUSED_FUNCTION = YES;
				GCC_WARN_UNUSED_VARIABLE = YES;
				MTL_ENABLE_DEBUG_INFO = NO;
				SDKROOT = macosx;
				SWIFT_OPTIMIZATION_LEVEL = "-Onone";
				SWIFT_VERSION = 5.0;
			};
			name = Release;
		};
		D7FB8E101AF899FE00286272 /* Debug */ = {
			isa = XCBuildConfiguration;
			buildSettings = {
				CLANG_ENABLE_MODULES = YES;
				COMBINE_HIDPI_IMAGES = YES;
				FRAMEWORK_SEARCH_PATHS = (
					"$(DEVELOPER_FRAMEWORKS_DIR)",
					"$(inherited)",
				);
				GCC_OPTIMIZATION_LEVEL = 0;
				GCC_PREPROCESSOR_DEFINITIONS = (
					"DEBUG=1",
					"$(inherited)",
				);
				INFOPLIST_FILE = Tests/Info.plist;
				LD_RUNPATH_SEARCH_PATHS = "$(inherited) @executable_path/../Frameworks @loader_path/../Frameworks";
				OTHER_SWIFT_FLAGS = "-Xfrontend -warn-long-function-bodies=400 -Xfrontend -warn-long-expression-type-checking=400";
				PRODUCT_BUNDLE_IDENTIFIER = "com.LexTang.$(PRODUCT_NAME:rfc1034identifier)";
				PRODUCT_NAME = "$(TARGET_NAME)";
				SWIFT_OPTIMIZATION_LEVEL = "-Onone";
				SWIFT_VERSION = 5.0;
			};
			name = Debug;
		};
		D7FB8E111AF899FE00286272 /* Release */ = {
			isa = XCBuildConfiguration;
			buildSettings = {
				CLANG_ENABLE_MODULES = YES;
				COMBINE_HIDPI_IMAGES = YES;
				FRAMEWORK_SEARCH_PATHS = (
					"$(DEVELOPER_FRAMEWORKS_DIR)",
					"$(inherited)",
				);
				GCC_OPTIMIZATION_LEVEL = 0;
				INFOPLIST_FILE = Tests/Info.plist;
				LD_RUNPATH_SEARCH_PATHS = "$(inherited) @executable_path/../Frameworks @loader_path/../Frameworks";
				PRODUCT_BUNDLE_IDENTIFIER = "com.LexTang.$(PRODUCT_NAME:rfc1034identifier)";
				PRODUCT_NAME = "$(TARGET_NAME)";
				SWIFT_COMPILATION_MODE = wholemodule;
				SWIFT_OPTIMIZATION_LEVEL = "-Onone";
				SWIFT_VERSION = 5.0;
			};
			name = Release;
		};
/* End XCBuildConfiguration section */

/* Begin XCConfigurationList section */
		D77C33171ADE363800D4843B /* Build configuration list for PBXProject "LeetCode" */ = {
			isa = XCConfigurationList;
			buildConfigurations = (
				D77C33211ADE363800D4843B /* Debug */,
				D77C33221ADE363800D4843B /* Release */,
			);
			defaultConfigurationIsVisible = 0;
			defaultConfigurationName = Release;
		};
		D7FB8E0F1AF899FE00286272 /* Build configuration list for PBXNativeTarget "LeetCodeTests" */ = {
			isa = XCConfigurationList;
			buildConfigurations = (
				D7FB8E101AF899FE00286272 /* Debug */,
				D7FB8E111AF899FE00286272 /* Release */,
			);
			defaultConfigurationIsVisible = 0;
			defaultConfigurationName = Release;
		};
/* End XCConfigurationList section */
	};
	rootObject = D77C33141ADE363800D4843B /* Project object */;
}
